
Microsoft Visual Studio Solution File, Format Version 12.00
# Visual Studio Version 16
VisualStudioVersion = 16.0.32106.194
MinimumVisualStudioVersion = 10.0.40219.1
Project("{FAE04EC0-301F-11D3-BF4B-00C04F79EFBC}") = "ProjetoTeste", "ProjetoTeste.csproj", "{B74E25C3-4117-474C-9322-290E5FEEB240}"
EndProject
Global
	GlobalSection(SolutionConfigurationPlatforms) = preSolution
		Debug|Any CPU = Debug|Any CPU
		Release|Any CPU = Release|Any CPU
	EndGlobalSection
	GlobalSection(ProjectConfigurationPlatforms) = postSolution
		{B74E25C3-4117-474C-9322-290E5FEEB240}.Debug|Any CPU.ActiveCfg = Debug|Any CPU
		{B74E25C3-4117-474C-9322-290E5FEEB240}.Debug|Any CPU.Build.0 = Debug|Any CPU
		{B74E25C3-4117-474C-9322-290E5FEEB240}.Release|Any CPU.ActiveCfg = Release|Any CPU
		{B74E25C3-4117-474C-9322-290E5FEEB240}.Release|Any CPU.Build.0 = Release|Any CPU
	EndGlobalSection
	GlobalSection(SolutionProperties) = preSolution
		HideSolutionNode = FALSE
	EndGlobalSection
	GlobalSection(ExtensibilityGlobals) = postSolution
		SolutionGuid = {DE026E05-7B87-4883-A09D-0297313AD6E2}
	EndGlobalSection
EndGlobal
